// !$*UTF8*$!
{
	archiveVersion = 1;
	classes = {
	};
	objectVersion = 50;
	objects = {

/* Begin PBXBuildFile section */
		2407BC6C244DD33700148A5F /* AppDelegate.swift in Sources */ = {isa = PBXBuildFile; fileRef = 2407BC6B244DD33700148A5F /* AppDelegate.swift */; };
		2407BC6E244DD33700148A5F /* SceneDelegate.swift in Sources */ = {isa = PBXBuildFile; fileRef = 2407BC6D244DD33700148A5F /* SceneDelegate.swift */; };
		2407BC70244DD33700148A5F /* ViewController.swift in Sources */ = {isa = PBXBuildFile; fileRef = 2407BC6F244DD33700148A5F /* ViewController.swift */; };
		2407BC73244DD33700148A5F /* Main.storyboard in Resources */ = {isa = PBXBuildFile; fileRef = 2407BC71244DD33700148A5F /* Main.storyboard */; };
		2407BC75244DD33900148A5F /* Assets.xcassets in Resources */ = {isa = PBXBuildFile; fileRef = 2407BC74244DD33900148A5F /* Assets.xcassets */; };
		2407BC78244DD33900148A5F /* LaunchScreen.storyboard in Resources */ = {isa = PBXBuildFile; fileRef = 2407BC76244DD33900148A5F /* LaunchScreen.storyboard */; };
		2407BC80244DD36700148A5F /* MesNotes.rtf in Resources */ = {isa = PBXBuildFile; fileRef = 2407BC7F244DD36700148A5F /* MesNotes.rtf */; };
		2407BC84244DDC9E00148A5F /* CardModel.swift in Sources */ = {isa = PBXBuildFile; fileRef = 2407BC83244DDC9E00148A5F /* CardModel.swift */; };
		2407BC87244DDECD00148A5F /* Card.swift in Sources */ = {isa = PBXBuildFile; fileRef = 2407BC86244DDECD00148A5F /* Card.swift */; };
		2407BC89244DEB6E00148A5F /* CardCollectionViewCell.swift in Sources */ = {isa = PBXBuildFile; fileRef = 2407BC88244DEB6E00148A5F /* CardCollectionViewCell.swift */; };
		24BF48F82450E94500C92120 /* cardflip.wav in Resources */ = {isa = PBXBuildFile; fileRef = 24BF48F42450E94500C92120 /* cardflip.wav */; };
		24BF48F92450E94500C92120 /* shuffle.wav in Resources */ = {isa = PBXBuildFile; fileRef = 24BF48F52450E94500C92120 /* shuffle.wav */; };
		24BF48FA2450E94500C92120 /* dingcorrect.wav in Resources */ = {isa = PBXBuildFile; fileRef = 24BF48F62450E94500C92120 /* dingcorrect.wav */; };
		24BF48FB2450E94500C92120 /* dingwrong.wav in Resources */ = {isa = PBXBuildFile; fileRef = 24BF48F72450E94500C92120 /* dingwrong.wav */; };
		24BF48FE2450E97400C92120 /* AVFoundation.framework in Frameworks */ = {isa = PBXBuildFile; fileRef = 24BF48FD2450E97400C92120 /* AVFoundation.framework */; };
		24BF49002450E9B100C92120 /* SoundManager.swift in Sources */ = {isa = PBXBuildFile; fileRef = 24BF48FF2450E9B100C92120 /* SoundManager.swift */; };
/* End PBXBuildFile section */

/* Begin PBXFileReference section */
		2407BC68244DD33700148A5F /* App4MatchGame.app */ = {isa = PBXFileReference; explicitFileType = wrapper.application; includeInIndex = 0; path = App4MatchGame.app; sourceTree = BUILT_PRODUCTS_DIR; };
		2407BC6B244DD33700148A5F /* AppDelegate.swift */ = {isa = PBXFileReference; lastKnownFileType = sourcecode.swift; path = AppDelegate.swift; sourceTree = "<group>"; };
		2407BC6D244DD33700148A5F /* SceneDelegate.swift */ = {isa = PBXFileReference; lastKnownFileType = sourcecode.swift; path = SceneDelegate.swift; sourceTree = "<group>"; };
		2407BC6F244DD33700148A5F /* ViewController.swift */ = {isa = PBXFileReference; lastKnownFileType = sourcecode.swift; path = ViewController.swift; sourceTree = "<group>"; };
		2407BC72244DD33700148A5F /* Base */ = {isa = PBXFileReference; lastKnownFileType = file.storyboard; name = Base; path = Base.lproj/Main.storyboard; sourceTree = "<group>"; };
		2407BC74244DD33900148A5F /* Assets.xcassets */ = {isa = PBXFileReference; lastKnownFileType = folder.assetcatalog; path = Assets.xcassets; sourceTree = "<group>"; };
		2407BC77244DD33900148A5F /* Base */ = {isa = PBXFileReference; lastKnownFileType = file.storyboard; name = Base; path = Base.lproj/LaunchScreen.storyboard; sourceTree = "<group>"; };
		2407BC79244DD33900148A5F /* Info.plist */ = {isa = PBXFileReference; lastKnownFileType = text.plist.xml; path = Info.plist; sourceTree = "<group>"; };
		2407BC7F244DD36700148A5F /* MesNotes.rtf */ = {isa = PBXFileReference; lastKnownFileType = text.rtf; path = MesNotes.rtf; sourceTree = "<group>"; };
		2407BC83244DDC9E00148A5F /* CardModel.swift */ = {isa = PBXFileReference; lastKnownFileType = sourcecode.swift; path = CardModel.swift; sourceTree = "<group>"; };
		2407BC86244DDECD00148A5F /* Card.swift */ = {isa = PBXFileReference; lastKnownFileType = sourcecode.swift; path = Card.swift; sourceTree = "<group>"; };
		2407BC88244DEB6E00148A5F /* CardCollectionViewCell.swift */ = {isa = PBXFileReference; lastKnownFileType = sourcecode.swift; path = CardCollectionViewCell.swift; sourceTree = "<group>"; };
		24BF48F42450E94500C92120 /* cardflip.wav */ = {isa = PBXFileReference; lastKnownFileType = audio.wav; path = cardflip.wav; sourceTree = "<group>"; };
		24BF48F52450E94500C92120 /* shuffle.wav */ = {isa = PBXFileReference; lastKnownFileType = audio.wav; path = shuffle.wav; sourceTree = "<group>"; };
		24BF48F62450E94500C92120 /* dingcorrect.wav */ = {isa = PBXFileReference; lastKnownFileType = audio.wav; path = dingcorrect.wav; sourceTree = "<group>"; };
		24BF48F72450E94500C92120 /* dingwrong.wav */ = {isa = PBXFileReference; lastKnownFileType = audio.wav; path = dingwrong.wav; sourceTree = "<group>"; };
		24BF48FD2450E97400C92120 /* AVFoundation.framework */ = {isa = PBXFileReference; lastKnownFileType = wrapper.framework; name = AVFoundation.framework; path = System/Library/Frameworks/AVFoundation.framework; sourceTree = SDKROOT; };
		24BF48FF2450E9B100C92120 /* SoundManager.swift */ = {isa = PBXFileReference; lastKnownFileType = sourcecode.swift; path = SoundManager.swift; sourceTree = "<group>"; };
/* End PBXFileReference section */

/* Begin PBXFrameworksBuildPhase section */
		2407BC65244DD33700148A5F /* Frameworks */ = {
			isa = PBXFrameworksBuildPhase;
			buildActionMask = 2147483647;
			files = (
				24BF48FE2450E97400C92120 /* AVFoundation.framework in Frameworks */,
			);
			runOnlyForDeploymentPostprocessing = 0;
		};
/* End PBXFrameworksBuildPhase section */

/* Begin PBXGroup section */
		2407BC5F244DD33700148A5F = {
			isa = PBXGroup;
			children = (
				2407BC7F244DD36700148A5F /* MesNotes.rtf */,
				2407BC6A244DD33700148A5F /* App4MatchGame */,
				2407BC69244DD33700148A5F /* Products */,
				24BF48FC2450E97400C92120 /* Frameworks */,
			);
			sourceTree = "<group>";
		};
		2407BC69244DD33700148A5F /* Products */ = {
			isa = PBXGroup;
			children = (
				2407BC68244DD33700148A5F /* App4MatchGame.app */,
			);
			name = Products;
			sourceTree = "<group>";
		};
		2407BC6A244DD33700148A5F /* App4MatchGame */ = {
			isa = PBXGroup;
			children = (
				24BF48F32450E92200C92120 /* Sound */,
				2407BC8A244E809D00148A5F /* View controllers */,
				2407BC85244DDCF000148A5F /* Model */,
				24BF48FF2450E9B100C92120 /* SoundManager.swift */,
				2407BC6B244DD33700148A5F /* AppDelegate.swift */,
				2407BC6D244DD33700148A5F /* SceneDelegate.swift */,
				2407BC71244DD33700148A5F /* Main.storyboard */,
				2407BC74244DD33900148A5F /* Assets.xcassets */,
				2407BC76244DD33900148A5F /* LaunchScreen.storyboard */,
				2407BC79244DD33900148A5F /* Info.plist */,
			);
			path = App4MatchGame;
			sourceTree = "<group>";
		};
		2407BC85244DDCF000148A5F /* Model */ = {
			isa = PBXGroup;
			children = (
				2407BC83244DDC9E00148A5F /* CardModel.swift */,
				2407BC86244DDECD00148A5F /* Card.swift */,
			);
			path = Model;
			sourceTree = "<group>";
		};
		2407BC8A244E809D00148A5F /* View controllers */ = {
			isa = PBXGroup;
			children = (
				2407BC6F244DD33700148A5F /* ViewController.swift */,
				2407BC88244DEB6E00148A5F /* CardCollectionViewCell.swift */,
			);
			path = "View controllers";
			sourceTree = "<group>";
		};
		24BF48F32450E92200C92120 /* Sound */ = {
			isa = PBXGroup;
			children = (
				24BF48F42450E94500C92120 /* cardflip.wav */,
				24BF48F62450E94500C92120 /* dingcorrect.wav */,
				24BF48F72450E94500C92120 /* dingwrong.wav */,
				24BF48F52450E94500C92120 /* shuffle.wav */,
			);
			path = Sound;
			sourceTree = "<group>";
		};
		24BF48FC2450E97400C92120 /* Frameworks */ = {
			isa = PBXGroup;
			children = (
				24BF48FD2450E97400C92120 /* AVFoundation.framework */,
			);
			name = Frameworks;
			sourceTree = "<group>";
		};
/* End PBXGroup section */

/* Begin PBXNativeTarget section */
		2407BC67244DD33700148A5F /* App4MatchGame */ = {
			isa = PBXNativeTarget;
			buildConfigurationList = 2407BC7C244DD33900148A5F /* Build configuration list for PBXNativeTarget "App4MatchGame" */;
			buildPhases = (
				2407BC64244DD33700148A5F /* Sources */,
				2407BC65244DD33700148A5F /* Frameworks */,
				2407BC66244DD33700148A5F /* Resources */,
			);
			buildRules = (
			);
			dependencies = (
			);
			name = App4MatchGame;
			productName = App4MatchGame;
			productReference = 2407BC68244DD33700148A5F /* App4MatchGame.app */;
			productType = "com.apple.product-type.application";
		};
/* End PBXNativeTarget section */

/* Begin PBXProject section */
		2407BC60244DD33700148A5F /* Project object */ = {
			isa = PBXProject;
			attributes = {
				LastSwiftUpdateCheck = 1130;
				LastUpgradeCheck = 1130;
				ORGANIZATIONNAME = "Nadia Mettioui";
				TargetAttributes = {
					2407BC67244DD33700148A5F = {
						CreatedOnToolsVersion = 11.3.1;
					};
				};
			};
			buildConfigurationList = 2407BC63244DD33700148A5F /* Build configuration list for PBXProject "App4MatchGame" */;
			compatibilityVersion = "Xcode 9.3";
			developmentRegion = en;
			hasScannedForEncodings = 0;
			knownRegions = (
				en,
				Base,
			);
			mainGroup = 2407BC5F244DD33700148A5F;
			productRefGroup = 2407BC69244DD33700148A5F /* Products */;
			projectDirPath = "";
			projectRoot = "";
			targets = (
				2407BC67244DD33700148A5F /* App4MatchGame */,
			);
		};
/* End PBXProject section */

/* Begin PBXResourcesBuildPhase section */
		2407BC66244DD33700148A5F /* Resources */ = {
			isa = PBXResourcesBuildPhase;
			buildActionMask = 2147483647;
			files = (
				24BF48FB2450E94500C92120 /* dingwrong.wav in Resources */,
				24BF48F92450E94500C92120 /* shuffle.wav in Resources */,
				2407BC80244DD36700148A5F /* MesNotes.rtf in Resources */,
				2407BC78244DD33900148A5F /* LaunchScreen.storyboard in Resources */,
				2407BC75244DD33900148A5F /* Assets.xcassets in Resources */,
				2407BC73244DD33700148A5F /* Main.storyboard in Resources */,
				24BF48FA2450E94500C92120 /* dingcorrect.wav in Resources */,
				24BF48F82450E94500C92120 /* cardflip.wav in Resources */,
			);
			runOnlyForDeploymentPostprocessing = 0;
		};
/* End PBXResourcesBuildPhase section */

/* Begin PBXSourcesBuildPhase section */
		2407BC64244DD33700148A5F /* Sources */ = {
			isa = PBXSourcesBuildPhase;
			buildActionMask = 2147483647;
			files = (
				2407BC70244DD33700148A5F /* ViewController.swift in Sources */,
				24BF49002450E9B100C92120 /* SoundManager.swift in Sources */,
				2407BC6C244DD33700148A5F /* AppDelegate.swift in Sources */,
				2407BC87244DDECD00148A5F /* Card.swift in Sources */,
				2407BC6E244DD33700148A5F /* SceneDelegate.swift in Sources */,
				2407BC89244DEB6E00148A5F /* CardCollectionViewCell.swift in Sources */,
				2407BC84244DDC9E00148A5F /* CardModel.swift in Sources */,
			);
			runOnlyForDeploymentPostprocessing = 0;
		};
/* End PBXSourcesBuildPhase section */

/* Begin PBXVariantGroup section */
		2407BC71244DD33700148A5F /* Main.storyboard */ = {
			isa = PBXVariantGroup;
			children = (
				2407BC72244DD33700148A5F /* Base */,
			);
			name = Main.storyboard;
			sourceTree = "<group>";
		};
		2407BC76244DD33900148A5F /* LaunchScreen.storyboard */ = {
			isa = PBXVariantGroup;
			children = (
				2407BC77244DD33900148A5F /* Base */,
			);
			name = LaunchScreen.storyboard;
			sourceTree = "<group>";
		};
/* End PBXVariantGroup section */

/* Begin XCBuildConfiguration section */
		2407BC7A244DD33900148A5F /* Debug */ = {
			isa = XCBuildConfiguration;
			buildSettings = {
				ALWAYS_SEARCH_USER_PATHS = NO;
				CLANG_ANALYZER_NONNULL = YES;
				CLANG_ANALYZER_NUMBER_OBJECT_CONVERSION = YES_AGGRESSIVE;
				CLANG_CXX_LANGUAGE_STANDARD = "gnu++14";
				CLANG_CXX_LIBRARY = "libc++";
				CLANG_ENABLE_MODULES = YES;
				CLANG_ENABLE_OBJC_ARC = YES;
				CLANG_ENABLE_OBJC_WEAK = YES;
				CLANG_WARN_BLOCK_CAPTURE_AUTORELEASING = YES;
				CLANG_WARN_BOOL_CONVERSION = YES;
				CLANG_WARN_COMMA = YES;
				CLANG_WARN_CONSTANT_CONVERSION = YES;
				CLANG_WARN_DEPRECATED_OBJC_IMPLEMENTATIONS = YES;
				CLANG_WARN_DIRECT_OBJC_ISA_USAGE = YES_ERROR;
				CLANG_WARN_DOCUMENTATION_COMMENTS = YES;
				CLANG_WARN_EMPTY_BODY = YES;
				CLANG_WARN_ENUM_CONVERSION = YES;
				CLANG_WARN_INFINITE_RECURSION = YES;
				CLANG_WARN_INT_CONVERSION = YES;
				CLANG_WARN_NON_LITERAL_NULL_CONVERSION = YES;
				CLANG_WARN_OBJC_IMPLICIT_RETAIN_SELF = YES;
				CLANG_WARN_OBJC_LITERAL_CONVERSION = YES;
				CLANG_WARN_OBJC_ROOT_CLASS = YES_ERROR;
				CLANG_WARN_RANGE_LOOP_ANALYSIS = YES;
				CLANG_WARN_STRICT_PROTOTYPES = YES;
				CLANG_WARN_SUSPICIOUS_MOVE = YES;
				CLANG_WARN_UNGUARDED_AVAILABILITY = YES_AGGRESSIVE;
				CLANG_WARN_UNREACHABLE_CODE = YES;
				CLANG_WARN__DUPLICATE_METHOD_MATCH = YES;
				COPY_PHASE_STRIP = NO;
				DEBUG_INFORMATION_FORMAT = dwarf;
				ENABLE_STRICT_OBJC_MSGSEND = YES;
				ENABLE_TESTABILITY = YES;
				GCC_C_LANGUAGE_STANDARD = gnu11;
				GCC_DYNAMIC_NO_PIC = NO;
				GCC_NO_COMMON_BLOCKS = YES;
				GCC_OPTIMIZATION_LEVEL = 0;
				GCC_PREPROCESSOR_DEFINITIONS = (
					"DEBUG=1",
					"$(inherited)",
				);
				GCC_WARN_64_TO_32_BIT_CONVERSION = YES;
				GCC_WARN_ABOUT_RETURN_TYPE = YES_ERROR;
				GCC_WARN_UNDECLARED_SELECTOR = YES;
				GCC_WARN_UNINITIALIZED_AUTOS = YES_AGGRESSIVE;
				GCC_WARN_UNUSED_FUNCTION = YES;
				GCC_WARN_UNUSED_VARIABLE = YES;
				IPHONEOS_DEPLOYMENT_TARGET = 13.2;
				MTL_ENABLE_DEBUG_INFO = INCLUDE_SOURCE;
				MTL_FAST_MATH = YES;
				ONLY_ACTIVE_ARCH = YES;
				SDKROOT = iphoneos;
				SWIFT_ACTIVE_COMPILATION_CONDITIONS = DEBUG;
				SWIFT_OPTIMIZATION_LEVEL = "-Onone";
				SWIFT_VERSION = 5.0;
			};
			name = Debug;
		};
		2407BC7B244DD33900148A5F /* Release */ = {
			isa = XCBuildConfiguration;
			buildSettings = {
				ALWAYS_SEARCH_USER_PATHS = NO;
				CLANG_ANALYZER_NONNULL = YES;
				CLANG_ANALYZER_NUMBER_OBJECT_CONVERSION = YES_AGGRESSIVE;
				CLANG_CXX_LANGUAGE_STANDARD = "gnu++14";
				CLANG_CXX_LIBRARY = "libc++";
				CLANG_ENABLE_MODULES = YES;
				CLANG_ENABLE_OBJC_ARC = YES;
				CLANG_ENABLE_OBJC_WEAK = YES;
				CLANG_WARN_BLOCK_CAPTURE_AUTORELEASING = YES;
				CLANG_WARN_BOOL_CONVERSION = YES;
				CLANG_WARN_COMMA = YES;
				CLANG_WARN_CONSTANT_CONVERSION = YES;
				CLANG_WARN_DEPRECATED_OBJC_IMPLEMENTATIONS = YES;
				CLANG_WARN_DIRECT_OBJC_ISA_USAGE = YES_ERROR;
				CLANG_WARN_DOCUMENTATION_COMMENTS = YES;
				CLANG_WARN_EMPTY_BODY = YES;
				CLANG_WARN_ENUM_CONVERSION = YES;
				CLANG_WARN_INFINITE_RECURSION = YES;
				CLANG_WARN_INT_CONVERSION = YES;
				CLANG_WARN_NON_LITERAL_NULL_CONVERSION = YES;
				CLANG_WARN_OBJC_IMPLICIT_RETAIN_SELF = YES;
				CLANG_WARN_OBJC_LITERAL_CONVERSION = YES;
				CLANG_WARN_OBJC_ROOT_CLASS = YES_ERROR;
				CLANG_WARN_RANGE_LOOP_ANALYSIS = YES;
				CLANG_WARN_STRICT_PROTOTYPES = YES;
				CLANG_WARN_SUSPICIOUS_MOVE = YES;
				CLANG_WARN_UNGUARDED_AVAILABILITY = YES_AGGRESSIVE;
				CLANG_WARN_UNREACHABLE_CODE = YES;
				CLANG_WARN__DUPLICATE_METHOD_MATCH = YES;
				COPY_PHASE_STRIP = NO;
				DEBUG_INFORMATION_FORMAT = "dwarf-with-dsym";
				ENABLE_NS_ASSERTIONS = NO;
				ENABLE_STRICT_OBJC_MSGSEND = YES;
				GCC_C_LANGUAGE_STANDARD = gnu11;
				GCC_NO_COMMON_BLOCKS = YES;
				GCC_WARN_64_TO_32_BIT_CONVERSION = YES;
				GCC_WARN_ABOUT_RETURN_TYPE = YES_ERROR;
				GCC_WARN_UNDECLARED_SELECTOR = YES;
				GCC_WARN_UNINITIALIZED_AUTOS = YES_AGGRESSIVE;
				GCC_WARN_UNUSED_FUNCTION = YES;
				GCC_WARN_UNUSED_VARIABLE = YES;
				IPHONEOS_DEPLOYMENT_TARGET = 13.2;
				MTL_ENABLE_DEBUG_INFO = NO;
				MTL_FAST_MATH = YES;
				ONLY_ACTIVE_ARCH = YES;
				SDKROOT = iphoneos;
				SWIFT_COMPILATION_MODE = wholemodule;
				SWIFT_OPTIMIZATION_LEVEL = "-O";
				SWIFT_VERSION = 5.0;
				VALIDATE_PRODUCT = YES;
			};
			name = Release;
		};
		2407BC7D244DD33900148A5F /* Debug */ = {
			isa = XCBuildConfiguration;
			buildSettings = {
				ASSETCATALOG_COMPILER_APPICON_NAME = AppIcon;
				CODE_SIGN_STYLE = Automatic;
				DEVELOPMENT_TEAM = GVV2Q84CVQ;
				INFOPLIST_FILE = App4MatchGame/Info.plist;
				LD_RUNPATH_SEARCH_PATHS = (
					"$(inherited)",
					"@executable_path/Frameworks",
				);
				PRODUCT_BUNDLE_IDENTIFIER = com.siraniadam.com.App4MatchGame;
				PRODUCT_NAME = "$(TARGET_NAME)";
				SWIFT_VERSION = 5.0;
				TARGETED_DEVICE_FAMILY = "1,2";
			};
			name = Debug;
		};
		2407BC7E244DD33900148A5F /* Release */ = {
			isa = XCBuildConfiguration;
			buildSettings = {
				ASSETCATALOG_COMPILER_APPICON_NAME = AppIcon;
				CODE_SIGN_STYLE = Automatic;
				DEVELOPMENT_TEAM = GVV2Q84CVQ;
				INFOPLIST_FILE = App4MatchGame/Info.plist;
				LD_RUNPATH_SEARCH_PATHS = (
					"$(inherited)",
					"@executable_path/Frameworks",
				);
				PRODUCT_BUNDLE_IDENTIFIER = com.siraniadam.com.App4MatchGame;
				PRODUCT_NAME = "$(TARGET_NAME)";
				SWIFT_VERSION = 5.0;
				TARGETED_DEVICE_FAMILY = "1,2";
			};
			name = Release;
		};
/* End XCBuildConfiguration section */

/* Begin XCConfigurationList section */
		2407BC63244DD33700148A5F /* Build configuration list for PBXProject "App4MatchGame" */ = {
			isa = XCConfigurationList;
			buildConfigurations = (
				2407BC7A244DD33900148A5F /* Debug */,
				2407BC7B244DD33900148A5F /* Release */,
			);
			defaultConfigurationIsVisible = 0;
			defaultConfigurationName = Release;
		};
		2407BC7C244DD33900148A5F /* Build configuration list for PBXNativeTarget "App4MatchGame" */ = {
			isa = XCConfigurationList;
			buildConfigurations = (
				2407BC7D244DD33900148A5F /* Debug */,
				2407BC7E244DD33900148A5F /* Release */,
			);
			defaultConfigurationIsVisible = 0;
			defaultConfigurationName = Release;
		};
/* End XCConfigurationList section */
	};
	rootObject = 2407BC60244DD33700148A5F /* Project object */;
}
